// !$*UTF8*$!
{
	archiveVersion = 1;
	classes = {
	};
	objectVersion = 56;
	objects = {

/* Begin PBXBuildFile section */
		D121DEE22D02BE5300A96C03 /* Tracker.swift in Sources */ = {isa = PBXBuildFile; fileRef = D121DEE12D02BE5300A96C03 /* Tracker.swift */; };
		D121DEE52D02BE7D00A96C03 /* TrackerCategory.swift in Sources */ = {isa = PBXBuildFile; fileRef = D121DEE42D02BE7D00A96C03 /* TrackerCategory.swift */; };
		D121DEE72D02BE8C00A96C03 /* TrackerRecord.swift in Sources */ = {isa = PBXBuildFile; fileRef = D121DEE62D02BE8C00A96C03 /* TrackerRecord.swift */; };
		D13724932D114838002F2FC8 /* TrackerTypeSelectionViewController.swift in Sources */ = {isa = PBXBuildFile; fileRef = D13724922D114838002F2FC8 /* TrackerTypeSelectionViewController.swift */; };
		D13724952D115E5F002F2FC8 /* CreateHabitViewController.swift in Sources */ = {isa = PBXBuildFile; fileRef = D13724942D115E5F002F2FC8 /* CreateHabitViewController.swift */; };
		D15CE9132D3555E5000410C5 /* CreateHabitViewControllerDelegate.swift in Sources */ = {isa = PBXBuildFile; fileRef = D15CE9122D3555E5000410C5 /* CreateHabitViewControllerDelegate.swift */; };
		D16BD69C2D141E5000C9FE88 /* SettingCell.swift in Sources */ = {isa = PBXBuildFile; fileRef = D16BD69B2D141E5000C9FE88 /* SettingCell.swift */; };
		D16BD69E2D14468600C9FE88 /* HabitTimetableDelegate.swift in Sources */ = {isa = PBXBuildFile; fileRef = D16BD69D2D14468600C9FE88 /* HabitTimetableDelegate.swift */; };
		D17FA48A2D1411F300E11D3B /* WeekDayCellDelegate.swift in Sources */ = {isa = PBXBuildFile; fileRef = D17FA4892D1411F300E11D3B /* WeekDayCellDelegate.swift */; };
		D188690C2D09F2D200CDE96A /* CollectionGeometricParameters.swift in Sources */ = {isa = PBXBuildFile; fileRef = D188690B2D09F2D200CDE96A /* CollectionGeometricParameters.swift */; };
		D195EDA32D081C050037F451 /* TrackerCell.swift in Sources */ = {isa = PBXBuildFile; fileRef = D195EDA22D081C050037F451 /* TrackerCell.swift */; };
		D1BBEFBF2CFEDD47009DBCCD /* TrackersViewController.swift in Sources */ = {isa = PBXBuildFile; fileRef = D1BBEFBE2CFEDD47009DBCCD /* TrackersViewController.swift */; };
		D1BBEFC12CFEFB0F009DBCCD /* TabBarController.swift in Sources */ = {isa = PBXBuildFile; fileRef = D1BBEFC02CFEFB0F009DBCCD /* TabBarController.swift */; };
		D1BBEFC32CFEFDFC009DBCCD /* StatisticsViewController.swift in Sources */ = {isa = PBXBuildFile; fileRef = D1BBEFC22CFEFDFC009DBCCD /* StatisticsViewController.swift */; };
		D1CFD5062D12A0DB00C33231 /* CreateEventViewController.swift in Sources */ = {isa = PBXBuildFile; fileRef = D1CFD5052D12A0DB00C33231 /* CreateEventViewController.swift */; };
		D1CFD5082D12BB5600C33231 /* HabitTimetableVIewController .swift in Sources */ = {isa = PBXBuildFile; fileRef = D1CFD5072D12BB5600C33231 /* HabitTimetableVIewController .swift */; };
		D1CFD50A2D12BBE600C33231 /* WeekDayCell.swift in Sources */ = {isa = PBXBuildFile; fileRef = D1CFD5092D12BBE600C33231 /* WeekDayCell.swift */; };
		D1CFD50C2D12C27600C33231 /* WeekDays.swift in Sources */ = {isa = PBXBuildFile; fileRef = D1CFD50B2D12C27600C33231 /* WeekDays.swift */; };
		D1F42FFC2D0B2B0100590659 /* TrackerCollectionViewHeader.swift in Sources */ = {isa = PBXBuildFile; fileRef = D1F42FFB2D0B2B0100590659 /* TrackerCollectionViewHeader.swift */; };
		D1F9638D2CFDC0F100F3E028 /* AppDelegate.swift in Sources */ = {isa = PBXBuildFile; fileRef = D1F9638C2CFDC0F100F3E028 /* AppDelegate.swift */; };
		D1F9638F2CFDC0F100F3E028 /* SceneDelegate.swift in Sources */ = {isa = PBXBuildFile; fileRef = D1F9638E2CFDC0F100F3E028 /* SceneDelegate.swift */; };
		D1F963962CFDC0F200F3E028 /* Assets.xcassets in Resources */ = {isa = PBXBuildFile; fileRef = D1F963952CFDC0F200F3E028 /* Assets.xcassets */; };
		D1F963992CFDC0F200F3E028 /* Base in Resources */ = {isa = PBXBuildFile; fileRef = D1F963982CFDC0F200F3E028 /* Base */; };
		D1FA06652D1068A5008C5BB2 /* TrackerCellDelegate.swift in Sources */ = {isa = PBXBuildFile; fileRef = D1FA06642D1068A5008C5BB2 /* TrackerCellDelegate.swift */; };
/* End PBXBuildFile section */

/* Begin PBXFileReference section */
		D121DEE12D02BE5300A96C03 /* Tracker.swift */ = {isa = PBXFileReference; lastKnownFileType = sourcecode.swift; path = Tracker.swift; sourceTree = "<group>"; };
		D121DEE42D02BE7D00A96C03 /* TrackerCategory.swift */ = {isa = PBXFileReference; lastKnownFileType = sourcecode.swift; path = TrackerCategory.swift; sourceTree = "<group>"; };
		D121DEE62D02BE8C00A96C03 /* TrackerRecord.swift */ = {isa = PBXFileReference; lastKnownFileType = sourcecode.swift; path = TrackerRecord.swift; sourceTree = "<group>"; };
		D13724922D114838002F2FC8 /* TrackerTypeSelectionViewController.swift */ = {isa = PBXFileReference; lastKnownFileType = sourcecode.swift; path = TrackerTypeSelectionViewController.swift; sourceTree = "<group>"; };
		D13724942D115E5F002F2FC8 /* CreateHabitViewController.swift */ = {isa = PBXFileReference; lastKnownFileType = sourcecode.swift; path = CreateHabitViewController.swift; sourceTree = "<group>"; };
		D15CE9122D3555E5000410C5 /* CreateHabitViewControllerDelegate.swift */ = {isa = PBXFileReference; lastKnownFileType = sourcecode.swift; path = CreateHabitViewControllerDelegate.swift; sourceTree = "<group>"; };
		D16BD69B2D141E5000C9FE88 /* SettingCell.swift */ = {isa = PBXFileReference; lastKnownFileType = sourcecode.swift; path = SettingCell.swift; sourceTree = "<group>"; };
		D16BD69D2D14468600C9FE88 /* HabitTimetableDelegate.swift */ = {isa = PBXFileReference; lastKnownFileType = sourcecode.swift; path = HabitTimetableDelegate.swift; sourceTree = "<group>"; };
		D17FA4892D1411F300E11D3B /* WeekDayCellDelegate.swift */ = {isa = PBXFileReference; lastKnownFileType = sourcecode.swift; path = WeekDayCellDelegate.swift; sourceTree = "<group>"; };
		D188690B2D09F2D200CDE96A /* CollectionGeometricParameters.swift */ = {isa = PBXFileReference; lastKnownFileType = sourcecode.swift; path = CollectionGeometricParameters.swift; sourceTree = "<group>"; };
		D195EDA22D081C050037F451 /* TrackerCell.swift */ = {isa = PBXFileReference; lastKnownFileType = sourcecode.swift; path = TrackerCell.swift; sourceTree = "<group>"; };
		D1BBEFBE2CFEDD47009DBCCD /* TrackersViewController.swift */ = {isa = PBXFileReference; lastKnownFileType = sourcecode.swift; path = TrackersViewController.swift; sourceTree = "<group>"; };
		D1BBEFC02CFEFB0F009DBCCD /* TabBarController.swift */ = {isa = PBXFileReference; lastKnownFileType = sourcecode.swift; path = TabBarController.swift; sourceTree = "<group>"; };
		D1BBEFC22CFEFDFC009DBCCD /* StatisticsViewController.swift */ = {isa = PBXFileReference; lastKnownFileType = sourcecode.swift; path = StatisticsViewController.swift; sourceTree = "<group>"; };
		D1CFD5052D12A0DB00C33231 /* CreateEventViewController.swift */ = {isa = PBXFileReference; lastKnownFileType = sourcecode.swift; path = CreateEventViewController.swift; sourceTree = "<group>"; };
		D1CFD5072D12BB5600C33231 /* HabitTimetableVIewController .swift */ = {isa = PBXFileReference; lastKnownFileType = sourcecode.swift; path = "HabitTimetableVIewController .swift"; sourceTree = "<group>"; };
		D1CFD5092D12BBE600C33231 /* WeekDayCell.swift */ = {isa = PBXFileReference; lastKnownFileType = sourcecode.swift; path = WeekDayCell.swift; sourceTree = "<group>"; };
		D1CFD50B2D12C27600C33231 /* WeekDays.swift */ = {isa = PBXFileReference; lastKnownFileType = sourcecode.swift; path = WeekDays.swift; sourceTree = "<group>"; };
		D1F42FFB2D0B2B0100590659 /* TrackerCollectionViewHeader.swift */ = {isa = PBXFileReference; lastKnownFileType = sourcecode.swift; path = TrackerCollectionViewHeader.swift; sourceTree = "<group>"; };
		D1F963892CFDC0F100F3E028 /* Tracker.app */ = {isa = PBXFileReference; explicitFileType = wrapper.application; includeInIndex = 0; path = Tracker.app; sourceTree = BUILT_PRODUCTS_DIR; };
		D1F9638C2CFDC0F100F3E028 /* AppDelegate.swift */ = {isa = PBXFileReference; lastKnownFileType = sourcecode.swift; path = AppDelegate.swift; sourceTree = "<group>"; };
		D1F9638E2CFDC0F100F3E028 /* SceneDelegate.swift */ = {isa = PBXFileReference; lastKnownFileType = sourcecode.swift; path = SceneDelegate.swift; sourceTree = "<group>"; };
		D1F963952CFDC0F200F3E028 /* Assets.xcassets */ = {isa = PBXFileReference; lastKnownFileType = folder.assetcatalog; path = Assets.xcassets; sourceTree = "<group>"; };
		D1F963982CFDC0F200F3E028 /* Base */ = {isa = PBXFileReference; lastKnownFileType = file.storyboard; name = Base; path = Base.lproj/LaunchScreen.storyboard; sourceTree = "<group>"; };
		D1F9639A2CFDC0F200F3E028 /* Info.plist */ = {isa = PBXFileReference; lastKnownFileType = text.plist.xml; path = Info.plist; sourceTree = "<group>"; };
		D1FA06642D1068A5008C5BB2 /* TrackerCellDelegate.swift */ = {isa = PBXFileReference; lastKnownFileType = sourcecode.swift; path = TrackerCellDelegate.swift; sourceTree = "<group>"; };
/* End PBXFileReference section */

/* Begin PBXFrameworksBuildPhase section */
		D1F963862CFDC0F100F3E028 /* Frameworks */ = {
			isa = PBXFrameworksBuildPhase;
			buildActionMask = 2147483647;
			files = (
			);
			runOnlyForDeploymentPostprocessing = 0;
		};
/* End PBXFrameworksBuildPhase section */

/* Begin PBXGroup section */
		D121DEE32D02BE5900A96C03 /* Models */ = {
			isa = PBXGroup;
			children = (
				D121DEE12D02BE5300A96C03 /* Tracker.swift */,
				D121DEE42D02BE7D00A96C03 /* TrackerCategory.swift */,
				D121DEE62D02BE8C00A96C03 /* TrackerRecord.swift */,
				D188690B2D09F2D200CDE96A /* CollectionGeometricParameters.swift */,
				D1CFD50B2D12C27600C33231 /* WeekDays.swift */,
			);
			path = Models;
			sourceTree = "<group>";
		};
		D195B21B2D38FEDC000C57DF /* Views */ = {
			isa = PBXGroup;
			children = (
				D195EDA22D081C050037F451 /* TrackerCell.swift */,
				D1F42FFB2D0B2B0100590659 /* TrackerCollectionViewHeader.swift */,
				D16BD69B2D141E5000C9FE88 /* SettingCell.swift */,
				D1CFD5092D12BBE600C33231 /* WeekDayCell.swift */,
			);
			path = Views;
			sourceTree = "<group>";
		};
		D195B21C2D38FF05000C57DF /* ViewControllers */ = {
			isa = PBXGroup;
			children = (
				D1BBEFC22CFEFDFC009DBCCD /* StatisticsViewController.swift */,
				D1BBEFBE2CFEDD47009DBCCD /* TrackersViewController.swift */,
				D13724922D114838002F2FC8 /* TrackerTypeSelectionViewController.swift */,
				D13724942D115E5F002F2FC8 /* CreateHabitViewController.swift */,
				D1CFD5072D12BB5600C33231 /* HabitTimetableVIewController .swift */,
				D1CFD5052D12A0DB00C33231 /* CreateEventViewController.swift */,
			);
			path = ViewControllers;
			sourceTree = "<group>";
		};
		D195EDA82D082C410037F451 /* Delegates */ = {
			isa = PBXGroup;
			children = (
				D1FA06642D1068A5008C5BB2 /* TrackerCellDelegate.swift */,
				D15CE9122D3555E5000410C5 /* CreateHabitViewControllerDelegate.swift */,
				D16BD69D2D14468600C9FE88 /* HabitTimetableDelegate.swift */,
				D17FA4892D1411F300E11D3B /* WeekDayCellDelegate.swift */,
			);
			path = Delegates;
			sourceTree = "<group>";
		};
		D1F963802CFDC0F100F3E028 = {
			isa = PBXGroup;
			children = (
				D1F9638B2CFDC0F100F3E028 /* Tracker */,
				D1F9638A2CFDC0F100F3E028 /* Products */,
			);
			sourceTree = "<group>";
		};
		D1F9638A2CFDC0F100F3E028 /* Products */ = {
			isa = PBXGroup;
			children = (
				D1F963892CFDC0F100F3E028 /* Tracker.app */,
			);
			name = Products;
			sourceTree = "<group>";
		};
		D1F9638B2CFDC0F100F3E028 /* Tracker */ = {
			isa = PBXGroup;
			children = (
				D1F9638C2CFDC0F100F3E028 /* AppDelegate.swift */,
				D1F9638E2CFDC0F100F3E028 /* SceneDelegate.swift */,
				D1BBEFC02CFEFB0F009DBCCD /* TabBarController.swift */,
				D121DEE32D02BE5900A96C03 /* Models */,
				D195B21B2D38FEDC000C57DF /* Views */,
				D195B21C2D38FF05000C57DF /* ViewControllers */,
				D195EDA82D082C410037F451 /* Delegates */,
				D1F963952CFDC0F200F3E028 /* Assets.xcassets */,
				D1F963972CFDC0F200F3E028 /* LaunchScreen.storyboard */,
				D1F9639A2CFDC0F200F3E028 /* Info.plist */,
			);
			path = Tracker;
			sourceTree = "<group>";
		};
/* End PBXGroup section */

/* Begin PBXNativeTarget section */
		D1F963882CFDC0F100F3E028 /* Tracker */ = {
			isa = PBXNativeTarget;
			buildConfigurationList = D1F9639D2CFDC0F200F3E028 /* Build configuration list for PBXNativeTarget "Tracker" */;
			buildPhases = (
				D1F963852CFDC0F100F3E028 /* Sources */,
				D1F963862CFDC0F100F3E028 /* Frameworks */,
				D1F963872CFDC0F100F3E028 /* Resources */,
			);
			buildRules = (
			);
			dependencies = (
			);
			name = Tracker;
			productName = Tracker;
			productReference = D1F963892CFDC0F100F3E028 /* Tracker.app */;
			productType = "com.apple.product-type.application";
		};
/* End PBXNativeTarget section */

/* Begin PBXProject section */
		D1F963812CFDC0F100F3E028 /* Project object */ = {
			isa = PBXProject;
			attributes = {
				BuildIndependentTargetsInParallel = 1;
				LastSwiftUpdateCheck = 1540;
				LastUpgradeCheck = 1540;
				TargetAttributes = {
					D1F963882CFDC0F100F3E028 = {
						CreatedOnToolsVersion = 15.4;
					};
				};
			};
			buildConfigurationList = D1F963842CFDC0F100F3E028 /* Build configuration list for PBXProject "Tracker" */;
			compatibilityVersion = "Xcode 14.0";
			developmentRegion = en;
			hasScannedForEncodings = 0;
			knownRegions = (
				en,
				Base,
			);
			mainGroup = D1F963802CFDC0F100F3E028;
			productRefGroup = D1F9638A2CFDC0F100F3E028 /* Products */;
			projectDirPath = "";
			projectRoot = "";
			targets = (
				D1F963882CFDC0F100F3E028 /* Tracker */,
			);
		};
/* End PBXProject section */

/* Begin PBXResourcesBuildPhase section */
		D1F963872CFDC0F100F3E028 /* Resources */ = {
			isa = PBXResourcesBuildPhase;
			buildActionMask = 2147483647;
			files = (
				D1F963962CFDC0F200F3E028 /* Assets.xcassets in Resources */,
				D1F963992CFDC0F200F3E028 /* Base in Resources */,
			);
			runOnlyForDeploymentPostprocessing = 0;
		};
/* End PBXResourcesBuildPhase section */

/* Begin PBXSourcesBuildPhase section */
		D1F963852CFDC0F100F3E028 /* Sources */ = {
			isa = PBXSourcesBuildPhase;
			buildActionMask = 2147483647;
			files = (
				D195EDA32D081C050037F451 /* TrackerCell.swift in Sources */,
				D16BD69E2D14468600C9FE88 /* HabitTimetableDelegate.swift in Sources */,
				D17FA48A2D1411F300E11D3B /* WeekDayCellDelegate.swift in Sources */,
				D1CFD5082D12BB5600C33231 /* HabitTimetableVIewController .swift in Sources */,
				D188690C2D09F2D200CDE96A /* CollectionGeometricParameters.swift in Sources */,
				D15CE9132D3555E5000410C5 /* CreateHabitViewControllerDelegate.swift in Sources */,
				D13724952D115E5F002F2FC8 /* CreateHabitViewController.swift in Sources */,
				D1BBEFBF2CFEDD47009DBCCD /* TrackersViewController.swift in Sources */,
				D121DEE52D02BE7D00A96C03 /* TrackerCategory.swift in Sources */,
				D1F9638D2CFDC0F100F3E028 /* AppDelegate.swift in Sources */,
				D1BBEFC32CFEFDFC009DBCCD /* StatisticsViewController.swift in Sources */,
				D121DEE72D02BE8C00A96C03 /* TrackerRecord.swift in Sources */,
				D16BD69C2D141E5000C9FE88 /* SettingCell.swift in Sources */,
				D1BBEFC12CFEFB0F009DBCCD /* TabBarController.swift in Sources */,
				D1F9638F2CFDC0F100F3E028 /* SceneDelegate.swift in Sources */,
				D121DEE22D02BE5300A96C03 /* Tracker.swift in Sources */,
				D1CFD50A2D12BBE600C33231 /* WeekDayCell.swift in Sources */,
				D13724932D114838002F2FC8 /* TrackerTypeSelectionViewController.swift in Sources */,
				D1F42FFC2D0B2B0100590659 /* TrackerCollectionViewHeader.swift in Sources */,
				D1FA06652D1068A5008C5BB2 /* TrackerCellDelegate.swift in Sources */,
				D1CFD50C2D12C27600C33231 /* WeekDays.swift in Sources */,
				D1CFD5062D12A0DB00C33231 /* CreateEventViewController.swift in Sources */,
			);
			runOnlyForDeploymentPostprocessing = 0;
		};
/* End PBXSourcesBuildPhase section */

/* Begin PBXVariantGroup section */
		D1F963972CFDC0F200F3E028 /* LaunchScreen.storyboard */ = {
			isa = PBXVariantGroup;
			children = (
				D1F963982CFDC0F200F3E028 /* Base */,
			);
			name = LaunchScreen.storyboard;
			sourceTree = "<group>";
		};
/* End PBXVariantGroup section */

/* Begin XCBuildConfiguration section */
		D1F9639B2CFDC0F200F3E028 /* Debug */ = {
			isa = XCBuildConfiguration;
			buildSettings = {
				ALWAYS_SEARCH_USER_PATHS = NO;
				ASSETCATALOG_COMPILER_GENERATE_SWIFT_ASSET_SYMBOL_EXTENSIONS = YES;
				CLANG_ANALYZER_NONNULL = YES;
				CLANG_ANALYZER_NUMBER_OBJECT_CONVERSION = YES_AGGRESSIVE;
				CLANG_CXX_LANGUAGE_STANDARD = "gnu++20";
				CLANG_ENABLE_MODULES = YES;
				CLANG_ENABLE_OBJC_ARC = YES;
				CLANG_ENABLE_OBJC_WEAK = YES;
				CLANG_WARN_BLOCK_CAPTURE_AUTORELEASING = YES;
				CLANG_WARN_BOOL_CONVERSION = YES;
				CLANG_WARN_COMMA = YES;
				CLANG_WARN_CONSTANT_CONVERSION = YES;
				CLANG_WARN_DEPRECATED_OBJC_IMPLEMENTATIONS = YES;
				CLANG_WARN_DIRECT_OBJC_ISA_USAGE = YES_ERROR;
				CLANG_WARN_DOCUMENTATION_COMMENTS = YES;
				CLANG_WARN_EMPTY_BODY = YES;
				CLANG_WARN_ENUM_CONVERSION = YES;
				CLANG_WARN_INFINITE_RECURSION = YES;
				CLANG_WARN_INT_CONVERSION = YES;
				CLANG_WARN_NON_LITERAL_NULL_CONVERSION = YES;
				CLANG_WARN_OBJC_IMPLICIT_RETAIN_SELF = YES;
				CLANG_WARN_OBJC_LITERAL_CONVERSION = YES;
				CLANG_WARN_OBJC_ROOT_CLASS = YES_ERROR;
				CLANG_WARN_QUOTED_INCLUDE_IN_FRAMEWORK_HEADER = YES;
				CLANG_WARN_RANGE_LOOP_ANALYSIS = YES;
				CLANG_WARN_STRICT_PROTOTYPES = YES;
				CLANG_WARN_SUSPICIOUS_MOVE = YES;
				CLANG_WARN_UNGUARDED_AVAILABILITY = YES_AGGRESSIVE;
				CLANG_WARN_UNREACHABLE_CODE = YES;
				CLANG_WARN__DUPLICATE_METHOD_MATCH = YES;
				COPY_PHASE_STRIP = NO;
				DEBUG_INFORMATION_FORMAT = dwarf;
				ENABLE_STRICT_OBJC_MSGSEND = YES;
				ENABLE_TESTABILITY = YES;
				ENABLE_USER_SCRIPT_SANDBOXING = YES;
				GCC_C_LANGUAGE_STANDARD = gnu17;
				GCC_DYNAMIC_NO_PIC = NO;
				GCC_NO_COMMON_BLOCKS = YES;
				GCC_OPTIMIZATION_LEVEL = 0;
				GCC_PREPROCESSOR_DEFINITIONS = (
					"DEBUG=1",
					"$(inherited)",
				);
				GCC_WARN_64_TO_32_BIT_CONVERSION = YES;
				GCC_WARN_ABOUT_RETURN_TYPE = YES_ERROR;
				GCC_WARN_UNDECLARED_SELECTOR = YES;
				GCC_WARN_UNINITIALIZED_AUTOS = YES_AGGRESSIVE;
				GCC_WARN_UNUSED_FUNCTION = YES;
				GCC_WARN_UNUSED_VARIABLE = YES;
				IPHONEOS_DEPLOYMENT_TARGET = 13.4;
				LOCALIZATION_PREFERS_STRING_CATALOGS = YES;
				MTL_ENABLE_DEBUG_INFO = INCLUDE_SOURCE;
				MTL_FAST_MATH = YES;
				ONLY_ACTIVE_ARCH = YES;
				SDKROOT = iphoneos;
				SWIFT_ACTIVE_COMPILATION_CONDITIONS = "DEBUG $(inherited)";
				SWIFT_OPTIMIZATION_LEVEL = "-Onone";
			};
			name = Debug;
		};
		D1F9639C2CFDC0F200F3E028 /* Release */ = {
			isa = XCBuildConfiguration;
			buildSettings = {
				ALWAYS_SEARCH_USER_PATHS = NO;
				ASSETCATALOG_COMPILER_GENERATE_SWIFT_ASSET_SYMBOL_EXTENSIONS = YES;
				CLANG_ANALYZER_NONNULL = YES;
				CLANG_ANALYZER_NUMBER_OBJECT_CONVERSION = YES_AGGRESSIVE;
				CLANG_CXX_LANGUAGE_STANDARD = "gnu++20";
				CLANG_ENABLE_MODULES = YES;
				CLANG_ENABLE_OBJC_ARC = YES;
				CLANG_ENABLE_OBJC_WEAK = YES;
				CLANG_WARN_BLOCK_CAPTURE_AUTORELEASING = YES;
				CLANG_WARN_BOOL_CONVERSION = YES;
				CLANG_WARN_COMMA = YES;
				CLANG_WARN_CONSTANT_CONVERSION = YES;
				CLANG_WARN_DEPRECATED_OBJC_IMPLEMENTATIONS = YES;
				CLANG_WARN_DIRECT_OBJC_ISA_USAGE = YES_ERROR;
				CLANG_WARN_DOCUMENTATION_COMMENTS = YES;
				CLANG_WARN_EMPTY_BODY = YES;
				CLANG_WARN_ENUM_CONVERSION = YES;
				CLANG_WARN_INFINITE_RECURSION = YES;
				CLANG_WARN_INT_CONVERSION = YES;
				CLANG_WARN_NON_LITERAL_NULL_CONVERSION = YES;
				CLANG_WARN_OBJC_IMPLICIT_RETAIN_SELF = YES;
				CLANG_WARN_OBJC_LITERAL_CONVERSION = YES;
				CLANG_WARN_OBJC_ROOT_CLASS = YES_ERROR;
				CLANG_WARN_QUOTED_INCLUDE_IN_FRAMEWORK_HEADER = YES;
				CLANG_WARN_RANGE_LOOP_ANALYSIS = YES;
				CLANG_WARN_STRICT_PROTOTYPES = YES;
				CLANG_WARN_SUSPICIOUS_MOVE = YES;
				CLANG_WARN_UNGUARDED_AVAILABILITY = YES_AGGRESSIVE;
				CLANG_WARN_UNREACHABLE_CODE = YES;
				CLANG_WARN__DUPLICATE_METHOD_MATCH = YES;
				COPY_PHASE_STRIP = NO;
				DEBUG_INFORMATION_FORMAT = "dwarf-with-dsym";
				ENABLE_NS_ASSERTIONS = NO;
				ENABLE_STRICT_OBJC_MSGSEND = YES;
				ENABLE_USER_SCRIPT_SANDBOXING = YES;
				GCC_C_LANGUAGE_STANDARD = gnu17;
				GCC_NO_COMMON_BLOCKS = YES;
				GCC_WARN_64_TO_32_BIT_CONVERSION = YES;
				GCC_WARN_ABOUT_RETURN_TYPE = YES_ERROR;
				GCC_WARN_UNDECLARED_SELECTOR = YES;
				GCC_WARN_UNINITIALIZED_AUTOS = YES_AGGRESSIVE;
				GCC_WARN_UNUSED_FUNCTION = YES;
				GCC_WARN_UNUSED_VARIABLE = YES;
				IPHONEOS_DEPLOYMENT_TARGET = 13.4;
				LOCALIZATION_PREFERS_STRING_CATALOGS = YES;
				MTL_ENABLE_DEBUG_INFO = NO;
				MTL_FAST_MATH = YES;
				SDKROOT = iphoneos;
				SWIFT_COMPILATION_MODE = wholemodule;
				VALIDATE_PRODUCT = YES;
			};
			name = Release;
		};
		D1F9639E2CFDC0F200F3E028 /* Debug */ = {
			isa = XCBuildConfiguration;
			buildSettings = {
				ASSETCATALOG_COMPILER_APPICON_NAME = AppIcon;
				ASSETCATALOG_COMPILER_GLOBAL_ACCENT_COLOR_NAME = AccentColor;
				CODE_SIGN_STYLE = Automatic;
				CURRENT_PROJECT_VERSION = 1;
				DEVELOPMENT_TEAM = GD6XM394LF;
				GENERATE_INFOPLIST_FILE = YES;
				INFOPLIST_FILE = Tracker/Info.plist;
				INFOPLIST_KEY_UIApplicationSupportsIndirectInputEvents = YES;
				INFOPLIST_KEY_UILaunchStoryboardName = LaunchScreen;
				INFOPLIST_KEY_UIStatusBarStyle = "";
				INFOPLIST_KEY_UISupportedInterfaceOrientations = UIInterfaceOrientationPortrait;
				IPHONEOS_DEPLOYMENT_TARGET = 13.4;
				LD_RUNPATH_SEARCH_PATHS = (
					"$(inherited)",
					"@executable_path/Frameworks",
				);
				MARKETING_VERSION = 1.0;
				PRODUCT_BUNDLE_IDENTIFIER = com.ZmrDmitrii.Tracker;
				PRODUCT_NAME = "$(TARGET_NAME)";
				SWIFT_EMIT_LOC_STRINGS = YES;
				SWIFT_VERSION = 5.0;
				TARGETED_DEVICE_FAMILY = "1,2";
			};
			name = Debug;
		};
		D1F9639F2CFDC0F200F3E028 /* Release */ = {
			isa = XCBuildConfiguration;
			buildSettings = {
				ASSETCATALOG_COMPILER_APPICON_NAME = AppIcon;
				ASSETCATALOG_COMPILER_GLOBAL_ACCENT_COLOR_NAME = AccentColor;
				CODE_SIGN_STYLE = Automatic;
				CURRENT_PROJECT_VERSION = 1;
				DEVELOPMENT_TEAM = GD6XM394LF;
				GENERATE_INFOPLIST_FILE = YES;
				INFOPLIST_FILE = Tracker/Info.plist;
				INFOPLIST_KEY_UIApplicationSupportsIndirectInputEvents = YES;
				INFOPLIST_KEY_UILaunchStoryboardName = LaunchScreen;
				INFOPLIST_KEY_UIStatusBarStyle = "";
				INFOPLIST_KEY_UISupportedInterfaceOrientations = UIInterfaceOrientationPortrait;
				IPHONEOS_DEPLOYMENT_TARGET = 13.4;
				LD_RUNPATH_SEARCH_PATHS = (
					"$(inherited)",
					"@executable_path/Frameworks",
				);
				MARKETING_VERSION = 1.0;
				PRODUCT_BUNDLE_IDENTIFIER = com.ZmrDmitrii.Tracker;
				PRODUCT_NAME = "$(TARGET_NAME)";
				SWIFT_EMIT_LOC_STRINGS = YES;
				SWIFT_VERSION = 5.0;
				TARGETED_DEVICE_FAMILY = "1,2";
			};
			name = Release;
		};
/* End XCBuildConfiguration section */

/* Begin XCConfigurationList section */
		D1F963842CFDC0F100F3E028 /* Build configuration list for PBXProject "Tracker" */ = {
			isa = XCConfigurationList;
			buildConfigurations = (
				D1F9639B2CFDC0F200F3E028 /* Debug */,
				D1F9639C2CFDC0F200F3E028 /* Release */,
			);
			defaultConfigurationIsVisible = 0;
			defaultConfigurationName = Release;
		};
		D1F9639D2CFDC0F200F3E028 /* Build configuration list for PBXNativeTarget "Tracker" */ = {
			isa = XCConfigurationList;
			buildConfigurations = (
				D1F9639E2CFDC0F200F3E028 /* Debug */,
				D1F9639F2CFDC0F200F3E028 /* Release */,
			);
			defaultConfigurationIsVisible = 0;
			defaultConfigurationName = Release;
		};
/* End XCConfigurationList section */
	};
	rootObject = D1F963812CFDC0F100F3E028 /* Project object */;
}
